{
  "name": "eva-ics-cli",
  "version": "0.0.2",
  "lockfileVersion": 3,
  "requires": true,
  "packages": {
    "": {
      "name": "eva-ics-cli",
      "version": "0.0.2",
      "license": "Apache-2.0",
      "dependencies": {
        "@eva-ics/webengine": "^0.9.10",
        "console-log-colors": "^0.5.0",
        "minimist": "^1.2.8"
      },
      "bin": {
        "eva-ics-cli": "index.js"
      }
    },
    "node_modules/@eva-ics/webengine": {
      "version": "0.9.10",
      "resolved": "https://registry.npmjs.org/@eva-ics/webengine/-/webengine-0.9.10.tgz",
      "integrity": "sha512-qnOHYde+sTToEL+yGaklUZM7JgNFnbydaoFUuy6fgs/ZTLNJYQOs5/mnVUwQCcHsaWYV4TyDMX2BYBElgOuyog==",
      "peerDependencies": {
        "bmat": "^0.1.4"
      }
    },
    "node_modules/bmat": {
      "version": "0.1.24",
      "resolved": "https://registry.npmjs.org/bmat/-/bmat-0.1.24.tgz",
      "integrity": "sha512-CS3XfyCrFap1HZJoNMdvvqux1RzeU2T+FD94CtvaO7O+UhNYZfQSB8NG8oiuL4jxqUDRvl1YvL2xR07UfYc9RA==",
      "peer": true
    },
    "node_modules/console-log-colors": {
      "version": "0.5.0",
      "resolved": "https://registry.npmjs.org/console-log-colors/-/console-log-colors-0.5.0.tgz",
      "integrity": "sha512-ixjGY06zMLCnNXeBdDKL6GuS1+/yQ1GorbZ9YsptP6jDgLqk/bBdQ5cTQvVveKUbO8Th6zwIhY8yRwhrpjXk6g==",
      "engines": {
        "node": ">= 4.1.0"
      }
    },
    "node_modules/minimist": {
      "version": "1.2.8",
      "resolved": "https://registry.npmjs.org/minimist/-/minimist-1.2.8.tgz",
      "integrity": "sha512-2yyAR8qBkN3YuheJanUpWC5U3bb5osDywNB8RzDVlDwDHbocAJveqqj1u8+SVD7jkWT4yvsHCpWqqWqAxb0zCA==",
      "funding": {
        "url": "https://github.com/sponsors/ljharb"
      }
    }
  }
}
